
Microsoft Visual Studio Solution File, Format Version 12.00
# Visual Studio Version 17
VisualStudioVersion = 17.2.32630.192
MinimumVisualStudioVersion = 10.0.40219.1
Project("{9A19103F-16F7-4668-BE54-9A1E7A4F7556}") = "R5T.T0206.Construction", "R5T.T0206.Construction\R5T.T0206.Construction.csproj", "{8114E536-ACCD-4942-AC8F-A1F6B9304906}"
EndProject
Project("{9A19103F-16F7-4668-BE54-9A1E7A4F7556}") = "R5T.T0206", "R5T.T0206\R5T.T0206.csproj", "{E8D7D6BD-3A19-4CF8-BC86-67DB4232D738}"
EndProject
Project("{2150E333-8FDC-42A3-9474-1A3956D46DE8}") = "_Dependencies", "_Dependencies", "{059C26EE-1750-45D8-9E9B-D51C5F486798}"
EndProject
Project("{9A19103F-16F7-4668-BE54-9A1E7A4F7556}") = "R5T.T0142", "..\..\R5T.T0142\source\R5T.T0142\R5T.T0142.csproj", "{FCDEE929-C132-41A4-9503-E0E431182C71}"
EndProject
Project("{9A19103F-16F7-4668-BE54-9A1E7A4F7556}") = "R5T.T0143", "..\..\R5T.T0143\source\R5T.T0143\R5T.T0143.csproj", "{9DE4CB18-9BFA-4D1C-8248-D5A4A99EC65A}"
EndProject
Global
	GlobalSection(NestedProjects) = preSolution
		{FCDEE929-C132-41A4-9503-E0E431182C71} = {059C26EE-1750-45D8-9E9B-D51C5F486798}
		{9DE4CB18-9BFA-4D1C-8248-D5A4A99EC65A} = {059C26EE-1750-45D8-9E9B-D51C5F486798}
	EndGlobalSection
	GlobalSection(SolutionConfigurationPlatforms) = preSolution
		Debug|Any CPU = Debug|Any CPU
		Release|Any CPU = Release|Any CPU
	EndGlobalSection
	GlobalSection(ProjectConfigurationPlatforms) = postSolution
		{8114E536-ACCD-4942-AC8F-A1F6B9304906}.Debug|Any CPU.ActiveCfg = Debug|Any CPU
		{8114E536-ACCD-4942-AC8F-A1F6B9304906}.Debug|Any CPU.Build.0 = Debug|Any CPU
		{8114E536-ACCD-4942-AC8F-A1F6B9304906}.Release|Any CPU.ActiveCfg = Release|Any CPU
		{8114E536-ACCD-4942-AC8F-A1F6B9304906}.Release|Any CPU.Build.0 = Release|Any CPU
		{E8D7D6BD-3A19-4CF8-BC86-67DB4232D738}.Debug|Any CPU.ActiveCfg = Debug|Any CPU
		{E8D7D6BD-3A19-4CF8-BC86-67DB4232D738}.Debug|Any CPU.Build.0 = Debug|Any CPU
		{E8D7D6BD-3A19-4CF8-BC86-67DB4232D738}.Release|Any CPU.ActiveCfg = Release|Any CPU
		{E8D7D6BD-3A19-4CF8-BC86-67DB4232D738}.Release|Any CPU.Build.0 = Release|Any CPU
		{FCDEE929-C132-41A4-9503-E0E431182C71}.Debug|Any CPU.ActiveCfg = Debug|Any CPU
		{FCDEE929-C132-41A4-9503-E0E431182C71}.Debug|Any CPU.Build.0 = Debug|Any CPU
		{FCDEE929-C132-41A4-9503-E0E431182C71}.Release|Any CPU.ActiveCfg = Release|Any CPU
		{FCDEE929-C132-41A4-9503-E0E431182C71}.Release|Any CPU.Build.0 = Release|Any CPU
		{9DE4CB18-9BFA-4D1C-8248-D5A4A99EC65A}.Debug|Any CPU.ActiveCfg = Debug|Any CPU
		{9DE4CB18-9BFA-4D1C-8248-D5A4A99EC65A}.Debug|Any CPU.Build.0 = Debug|Any CPU
		{9DE4CB18-9BFA-4D1C-8248-D5A4A99EC65A}.Release|Any CPU.ActiveCfg = Release|Any CPU
		{9DE4CB18-9BFA-4D1C-8248-D5A4A99EC65A}.Release|Any CPU.Build.0 = Release|Any CPU
	EndGlobalSection
	GlobalSection(SolutionProperties) = preSolution
		HideSolutionNode = FALSE
	EndGlobalSection
	GlobalSection(ExtensibilityGlobals) = postSolution
		SolutionGuid = {2518C57B-E132-4A94-8CB6-428F4FC1F176}
	EndGlobalSection
EndGlobal
